
Microsoft Visual Studio Solution File, Format Version 12.00
# Visual Studio Version 17
VisualStudioVersion = 17.5.002.0
MinimumVisualStudioVersion = 10.0.40219.1
Project("{9A19103F-16F7-4668-BE54-9A1E7A4F7556}") = "BookToggles", "BookToggles.csproj", "{D5066690-C68A-40B1-818E-8652BFEE478E}"
EndProject
Global
	GlobalSection(SolutionConfigurationPlatforms) = preSolution
		Debug|Any CPU = Debug|Any CPU
		Release|Any CPU = Release|Any CPU
	EndGlobalSection
	GlobalSection(ProjectConfigurationPlatforms) = postSolution
		{D5066690-C68A-40B1-818E-8652BFEE478E}.Debug|Any CPU.ActiveCfg = Debug|Any CPU
		{D5066690-C68A-40B1-818E-8652BFEE478E}.Debug|Any CPU.Build.0 = Debug|Any CPU
		{D5066690-C68A-40B1-818E-8652BFEE478E}.Release|Any CPU.ActiveCfg = Release|Any CPU
		{D5066690-C68A-40B1-818E-8652BFEE478E}.Release|Any CPU.Build.0 = Release|Any CPU
	EndGlobalSection
	GlobalSection(SolutionProperties) = preSolution
		HideSolutionNode = FALSE
	EndGlobalSection
	GlobalSection(ExtensibilityGlobals) = postSolution
		SolutionGuid = {3EE23908-A0FD-4CB5-A554-8F3F63835877}
	EndGlobalSection
EndGlobal
